
Microsoft Visual Studio Solution File, Format Version 12.00
# Visual Studio 14
VisualStudioVersion = 14.0.25420.1
MinimumVisualStudioVersion = 10.0.40219.1
Project("{8BC9CEB8-8B4A-11D0-8D11-00A0C91BC942}") = "BekVideoMerge", "BekVideoMerge\BekVideoMerge.vcxproj", "{51D63208-4855-472B-BD6A-0578FBB3D44B}"
EndProject
Project("{8BC9CEB8-8B4A-11D0-8D11-00A0C91BC942}") = "BekHikUtil", "BekHikUtil\BekHikUtil.vcxproj", "{928F846B-AE05-4DF0-B697-89E06037EC51}"
EndProject
Project("{8BC9CEB8-8B4A-11D0-8D11-00A0C91BC942}") = "BekVideoWall", "BekVideoWall\BekVideoWall.vcxproj", "{3EA12D86-584F-48E7-ABBB-B792498253B8}"
EndProject
Project("{8BC9CEB8-8B4A-11D0-8D11-00A0C91BC942}") = "BekVideoDaemon", "BekVideoDaemon\BekVideoDaemon.vcxproj", "{3847F9CD-149D-40E5-8576-377F9D8A7CDD}"
EndProject
Global
	GlobalSection(SolutionConfigurationPlatforms) = preSolution
		Debug|Any CPU = Debug|Any CPU
		Debug|x64 = Debug|x64
		Debug|x86 = Debug|x86
		Release|Any CPU = Release|Any CPU
		Release|x64 = Release|x64
		Release|x86 = Release|x86
	EndGlobalSection
	GlobalSection(ProjectConfigurationPlatforms) = postSolution
		{51D63208-4855-472B-BD6A-0578FBB3D44B}.Debug|Any CPU.ActiveCfg = Debug|Win32
		{51D63208-4855-472B-BD6A-0578FBB3D44B}.Debug|x64.ActiveCfg = Debug|x64
		{51D63208-4855-472B-BD6A-0578FBB3D44B}.Debug|x64.Build.0 = Debug|x64
		{51D63208-4855-472B-BD6A-0578FBB3D44B}.Debug|x86.ActiveCfg = Debug|Win32
		{51D63208-4855-472B-BD6A-0578FBB3D44B}.Debug|x86.Build.0 = Debug|Win32
		{51D63208-4855-472B-BD6A-0578FBB3D44B}.Release|Any CPU.ActiveCfg = Release|Win32
		{51D63208-4855-472B-BD6A-0578FBB3D44B}.Release|x64.ActiveCfg = Release|x64
		{51D63208-4855-472B-BD6A-0578FBB3D44B}.Release|x64.Build.0 = Release|x64
		{51D63208-4855-472B-BD6A-0578FBB3D44B}.Release|x86.ActiveCfg = Release|Win32
		{51D63208-4855-472B-BD6A-0578FBB3D44B}.Release|x86.Build.0 = Release|Win32
		{928F846B-AE05-4DF0-B697-89E06037EC51}.Debug|Any CPU.ActiveCfg = Debug|Win32
		{928F846B-AE05-4DF0-B697-89E06037EC51}.Debug|x64.ActiveCfg = Debug|x64
		{928F846B-AE05-4DF0-B697-89E06037EC51}.Debug|x64.Build.0 = Debug|x64
		{928F846B-AE05-4DF0-B697-89E06037EC51}.Debug|x86.ActiveCfg = Debug|Win32
		{928F846B-AE05-4DF0-B697-89E06037EC51}.Debug|x86.Build.0 = Debug|Win32
		{928F846B-AE05-4DF0-B697-89E06037EC51}.Release|Any CPU.ActiveCfg = Release|Win32
		{928F846B-AE05-4DF0-B697-89E06037EC51}.Release|x64.ActiveCfg = Release|x64
		{928F846B-AE05-4DF0-B697-89E06037EC51}.Release|x64.Build.0 = Release|x64
		{928F846B-AE05-4DF0-B697-89E06037EC51}.Release|x86.ActiveCfg = Release|Win32
		{928F846B-AE05-4DF0-B697-89E06037EC51}.Release|x86.Build.0 = Release|Win32
		{3EA12D86-584F-48E7-ABBB-B792498253B8}.Debug|Any CPU.ActiveCfg = Debug|Win32
		{3EA12D86-584F-48E7-ABBB-B792498253B8}.Debug|x64.ActiveCfg = Debug|x64
		{3EA12D86-584F-48E7-ABBB-B792498253B8}.Debug|x64.Build.0 = Debug|x64
		{3EA12D86-584F-48E7-ABBB-B792498253B8}.Debug|x86.ActiveCfg = Debug|Win32
		{3EA12D86-584F-48E7-ABBB-B792498253B8}.Debug|x86.Build.0 = Debug|Win32
		{3EA12D86-584F-48E7-ABBB-B792498253B8}.Release|Any CPU.ActiveCfg = Release|Win32
		{3EA12D86-584F-48E7-ABBB-B792498253B8}.Release|x64.ActiveCfg = Release|x64
		{3EA12D86-584F-48E7-ABBB-B792498253B8}.Release|x64.Build.0 = Release|x64
		{3EA12D86-584F-48E7-ABBB-B792498253B8}.Release|x86.ActiveCfg = Release|Win32
		{3EA12D86-584F-48E7-ABBB-B792498253B8}.Release|x86.Build.0 = Release|Win32
		{3847F9CD-149D-40E5-8576-377F9D8A7CDD}.Debug|Any CPU.ActiveCfg = Debug|Win32
		{3847F9CD-149D-40E5-8576-377F9D8A7CDD}.Debug|x64.ActiveCfg = Debug|x64
		{3847F9CD-149D-40E5-8576-377F9D8A7CDD}.Debug|x64.Build.0 = Debug|x64
		{3847F9CD-149D-40E5-8576-377F9D8A7CDD}.Debug|x86.ActiveCfg = Debug|Win32
		{3847F9CD-149D-40E5-8576-377F9D8A7CDD}.Debug|x86.Build.0 = Debug|Win32
		{3847F9CD-149D-40E5-8576-377F9D8A7CDD}.Release|Any CPU.ActiveCfg = Release|Win32
		{3847F9CD-149D-40E5-8576-377F9D8A7CDD}.Release|x64.ActiveCfg = Release|x64
		{3847F9CD-149D-40E5-8576-377F9D8A7CDD}.Release|x64.Build.0 = Release|x64
		{3847F9CD-149D-40E5-8576-377F9D8A7CDD}.Release|x86.ActiveCfg = Release|Win32
		{3847F9CD-149D-40E5-8576-377F9D8A7CDD}.Release|x86.Build.0 = Release|Win32
	EndGlobalSection
	GlobalSection(SolutionProperties) = preSolution
		HideSolutionNode = FALSE
	EndGlobalSection
EndGlobal
